
Microsoft Visual Studio Solution File, Format Version 12.00
# Visual Studio Version 17
VisualStudioVersion = 17.9.34728.123
MinimumVisualStudioVersion = 10.0.40219.1
Project("{FAE04EC0-301F-11D3-BF4B-00C04F79EFBC}") = "NZWalks.API", "NZWalks.API\NZWalks.API.csproj", "{9E901FDD-562C-4953-80FE-F003A23A1419}"
EndProject
Global
	GlobalSection(SolutionConfigurationPlatforms) = preSolution
		Debug|Any CPU = Debug|Any CPU
		Release|Any CPU = Release|Any CPU
	EndGlobalSection
	GlobalSection(ProjectConfigurationPlatforms) = postSolution
		{9E901FDD-562C-4953-80FE-F003A23A1419}.Debug|Any CPU.ActiveCfg = Debug|Any CPU
		{9E901FDD-562C-4953-80FE-F003A23A1419}.Debug|Any CPU.Build.0 = Debug|Any CPU
		{9E901FDD-562C-4953-80FE-F003A23A1419}.Release|Any CPU.ActiveCfg = Release|Any CPU
		{9E901FDD-562C-4953-80FE-F003A23A1419}.Release|Any CPU.Build.0 = Release|Any CPU
	EndGlobalSection
	GlobalSection(SolutionProperties) = preSolution
		HideSolutionNode = FALSE
	EndGlobalSection
	GlobalSection(ExtensibilityGlobals) = postSolution
		SolutionGuid = {A8BA92A6-D3D4-4414-B277-11D7CDE65D22}
	EndGlobalSection
EndGlobal
